Microsoft Visual Studio Solution File, Format Version 12.00
# Visual Studio Version 18
VisualStudioVersion = 18.0.11217.181
MinimumVisualStudioVersion = 10.0.40219.1
Project("{FAE04EC0-301F-11D3-BF4B-00C04F79EFBC}") = "UngDungMangXaHoi.Application", "Application\UngDungMangXaHoi.Application.csproj", "{E13950F7-0808-C1D0-B120-F2F0D7A48458}"
EndProject
Project("{FAE04EC0-301F-11D3-BF4B-00C04F79EFBC}") = "UngDungMangXaHoi.Domain", "Domain\UngDungMangXaHoi.Domain.csproj", "{F0ACFD99-C08B-AE64-3FAB-908EBB94372A}"
EndProject
Project("{FAE04EC0-301F-11D3-BF4B-00C04F79EFBC}") = "UngDungMangXaHoi.Infrastructure", "Infrastructure\UngDungMangXaHoi.Infrastructure.csproj", "{94E9CAB2-75BF-22A5-A667-F9D2FCC8D249}"
EndProject
Project("{2150E333-8FDC-42A3-9474-1A3956D46DE8}") = "Presentation", "Presentation", "{06CFFD70-14AA-A959-A3BA-1B15D094E3B1}"
EndProject
Project("{FAE04EC0-301F-11D3-BF4B-00C04F79EFBC}") = "UngDungMangXaHoi.WebAPI", "Presentation\WebAPI\UngDungMangXaHoi.WebAPI.csproj", "{3EE229E3-3E54-DA86-602E-3D3AA0B9DE4E}"
EndProject
Global
	GlobalSection(SolutionConfigurationPlatforms) = preSolution
		Debug|Any CPU = Debug|Any CPU
		Release|Any CPU = Release|Any CPU
	EndGlobalSection
	GlobalSection(ProjectConfigurationPlatforms) = postSolution
		{E13950F7-0808-C1D0-B120-F2F0D7A48458}.Debug|Any CPU.ActiveCfg = Debug|Any CPU
		{E13950F7-0808-C1D0-B120-F2F0D7A48458}.Debug|Any CPU.Build.0 = Debug|Any CPU
		{E13950F7-0808-C1D0-B120-F2F0D7A48458}.Release|Any CPU.ActiveCfg = Release|Any CPU
		{E13950F7-0808-C1D0-B120-F2F0D7A48458}.Release|Any CPU.Build.0 = Release|Any CPU
		{F0ACFD99-C08B-AE64-3FAB-908EBB94372A}.Debug|Any CPU.ActiveCfg = Debug|Any CPU
		{F0ACFD99-C08B-AE64-3FAB-908EBB94372A}.Debug|Any CPU.Build.0 = Debug|Any CPU
		{F0ACFD99-C08B-AE64-3FAB-908EBB94372A}.Release|Any CPU.ActiveCfg = Release|Any CPU
		{F0ACFD99-C08B-AE64-3FAB-908EBB94372A}.Release|Any CPU.Build.0 = Release|Any CPU
		{94E9CAB2-75BF-22A5-A667-F9D2FCC8D249}.Debug|Any CPU.ActiveCfg = Debug|Any CPU
		{94E9CAB2-75BF-22A5-A667-F9D2FCC8D249}.Debug|Any CPU.Build.0 = Debug|Any CPU
		{94E9CAB2-75BF-22A5-A667-F9D2FCC8D249}.Release|Any CPU.ActiveCfg = Release|Any CPU
		{94E9CAB2-75BF-22A5-A667-F9D2FCC8D249}.Release|Any CPU.Build.0 = Release|Any CPU
		{3EE229E3-3E54-DA86-602E-3D3AA0B9DE4E}.Debug|Any CPU.ActiveCfg = Debug|Any CPU
		{3EE229E3-3E54-DA86-602E-3D3AA0B9DE4E}.Debug|Any CPU.Build.0 = Debug|Any CPU
		{3EE229E3-3E54-DA86-602E-3D3AA0B9DE4E}.Release|Any CPU.ActiveCfg = Release|Any CPU
		{3EE229E3-3E54-DA86-602E-3D3AA0B9DE4E}.Release|Any CPU.Build.0 = Release|Any CPU
	EndGlobalSection
	GlobalSection(SolutionProperties) = preSolution
		HideSolutionNode = FALSE
	EndGlobalSection
	GlobalSection(NestedProjects) = preSolution
		{3EE229E3-3E54-DA86-602E-3D3AA0B9DE4E} = {06CFFD70-14AA-A959-A3BA-1B15D094E3B1}
	EndGlobalSection
	GlobalSection(ExtensibilityGlobals) = postSolution
		SolutionGuid = {38511112-5120-49EB-927E-27806D27FF9A}
	EndGlobalSection
EndGlobal
